
Microsoft Visual Studio Solution File, Format Version 12.00
# Visual Studio Version 16
VisualStudioVersion = 16.0.31729.503
MinimumVisualStudioVersion = 10.0.40219.1
Project("{2150E333-8FDC-42A3-9474-1A3956D46DE8}") = "Core", "Core", "{790FA17E-9076-4CC9-A016-42DAB1121E63}"
EndProject
Project("{2150E333-8FDC-42A3-9474-1A3956D46DE8}") = "DB", "DB", "{9FE29ABD-40A8-454C-A9C8-9AE9C68924D3}"
EndProject
Project("{2150E333-8FDC-42A3-9474-1A3956D46DE8}") = "Cache", "Cache", "{62BE7A3A-2660-4638-B2E9-24A013E5086A}"
EndProject
Project("{2150E333-8FDC-42A3-9474-1A3956D46DE8}") = "Logs", "Logs", "{11503B75-1E94-42D2-984A-6BBCEFDCD1F2}"
EndProject
Project("{9A19103F-16F7-4668-BE54-9A1E7A4F7556}") = "IECFW.DbManager", "IECFW.DbManager\IECFW.DbManager.csproj", "{4A8A5AA9-2494-4F3D-B712-F34BB7B45497}"
EndProject
Project("{9A19103F-16F7-4668-BE54-9A1E7A4F7556}") = "IECFW.Caching", "IECFW.Caching\IECFW.Caching.csproj", "{5EECFA4B-FBB4-48C9-85E5-F1360D7479DD}"
EndProject
Project("{9A19103F-16F7-4668-BE54-9A1E7A4F7556}") = "IECFW.Common", "IECFW.Common\IECFW.Common.csproj", "{BD20FEE1-411C-40B3-9381-11352D7C1B30}"
EndProject
Project("{9A19103F-16F7-4668-BE54-9A1E7A4F7556}") = "IECFW.Configrations", "IECFW.Configrations\IECFW.Configrations.csproj", "{C0D13E4F-BE37-4A29-9DC3-15F4CA9BFA93}"
EndProject
Project("{9A19103F-16F7-4668-BE54-9A1E7A4F7556}") = "IECFW.NoSqlManager", "IECFW.NoSqlManager\IECFW.NoSqlManager.csproj", "{993CCD38-69FF-446A-8D5E-7D6E6824A922}"
EndProject
Project("{9A19103F-16F7-4668-BE54-9A1E7A4F7556}") = "IECFW.Dependency", "IECFW.Dependency\IECFW.Dependency.csproj", "{5F5698ED-E165-4E6F-B230-6966EEE470C0}"
EndProject
Project("{9A19103F-16F7-4668-BE54-9A1E7A4F7556}") = "IECFrameWork.Binder", "IECFrameWork.Binder\IECFrameWork.Binder.csproj", "{A067D33E-B94F-471D-B197-90D545439763}"
EndProject
Project("{9A19103F-16F7-4668-BE54-9A1E7A4F7556}") = "IECFW.ExceptionHandling", "IECFW.ExceptionHandling\IECFW.ExceptionHandling.csproj", "{690CA456-E5FF-4EFC-9E49-4B6DD8F8A542}"
EndProject
Project("{FAE04EC0-301F-11D3-BF4B-00C04F79EFBC}") = "IECFW.Middlewares", "IECFW.Middlewares\IECFW.Middlewares.csproj", "{82F8431A-3DBE-4D99-9EEE-C6E5658361FD}"
EndProject
Project("{FAE04EC0-301F-11D3-BF4B-00C04F79EFBC}") = "IECFW.Logs.LogManager", "IECFW.Logs.LogManager\IECFW.Logs.LogManager.csproj", "{BBEC1390-9ADD-45AE-92CC-75CFAB9A0638}"
EndProject
Global
	GlobalSection(SolutionConfigurationPlatforms) = preSolution
		Debug|Any CPU = Debug|Any CPU
		Release|Any CPU = Release|Any CPU
	EndGlobalSection
	GlobalSection(ProjectConfigurationPlatforms) = postSolution
		{4A8A5AA9-2494-4F3D-B712-F34BB7B45497}.Debug|Any CPU.ActiveCfg = Debug|Any CPU
		{4A8A5AA9-2494-4F3D-B712-F34BB7B45497}.Debug|Any CPU.Build.0 = Debug|Any CPU
		{4A8A5AA9-2494-4F3D-B712-F34BB7B45497}.Release|Any CPU.ActiveCfg = Release|Any CPU
		{4A8A5AA9-2494-4F3D-B712-F34BB7B45497}.Release|Any CPU.Build.0 = Release|Any CPU
		{5EECFA4B-FBB4-48C9-85E5-F1360D7479DD}.Debug|Any CPU.ActiveCfg = Debug|Any CPU
		{5EECFA4B-FBB4-48C9-85E5-F1360D7479DD}.Debug|Any CPU.Build.0 = Debug|Any CPU
		{5EECFA4B-FBB4-48C9-85E5-F1360D7479DD}.Release|Any CPU.ActiveCfg = Release|Any CPU
		{5EECFA4B-FBB4-48C9-85E5-F1360D7479DD}.Release|Any CPU.Build.0 = Release|Any CPU
		{BD20FEE1-411C-40B3-9381-11352D7C1B30}.Debug|Any CPU.ActiveCfg = Debug|Any CPU
		{BD20FEE1-411C-40B3-9381-11352D7C1B30}.Debug|Any CPU.Build.0 = Debug|Any CPU
		{BD20FEE1-411C-40B3-9381-11352D7C1B30}.Release|Any CPU.ActiveCfg = Release|Any CPU
		{BD20FEE1-411C-40B3-9381-11352D7C1B30}.Release|Any CPU.Build.0 = Release|Any CPU
		{C0D13E4F-BE37-4A29-9DC3-15F4CA9BFA93}.Debug|Any CPU.ActiveCfg = Debug|Any CPU
		{C0D13E4F-BE37-4A29-9DC3-15F4CA9BFA93}.Debug|Any CPU.Build.0 = Debug|Any CPU
		{C0D13E4F-BE37-4A29-9DC3-15F4CA9BFA93}.Release|Any CPU.ActiveCfg = Release|Any CPU
		{C0D13E4F-BE37-4A29-9DC3-15F4CA9BFA93}.Release|Any CPU.Build.0 = Release|Any CPU
		{993CCD38-69FF-446A-8D5E-7D6E6824A922}.Debug|Any CPU.ActiveCfg = Debug|Any CPU
		{993CCD38-69FF-446A-8D5E-7D6E6824A922}.Debug|Any CPU.Build.0 = Debug|Any CPU
		{993CCD38-69FF-446A-8D5E-7D6E6824A922}.Release|Any CPU.ActiveCfg = Release|Any CPU
		{993CCD38-69FF-446A-8D5E-7D6E6824A922}.Release|Any CPU.Build.0 = Release|Any CPU
		{5F5698ED-E165-4E6F-B230-6966EEE470C0}.Debug|Any CPU.ActiveCfg = Debug|Any CPU
		{5F5698ED-E165-4E6F-B230-6966EEE470C0}.Debug|Any CPU.Build.0 = Debug|Any CPU
		{5F5698ED-E165-4E6F-B230-6966EEE470C0}.Release|Any CPU.ActiveCfg = Release|Any CPU
		{5F5698ED-E165-4E6F-B230-6966EEE470C0}.Release|Any CPU.Build.0 = Release|Any CPU
		{A067D33E-B94F-471D-B197-90D545439763}.Debug|Any CPU.ActiveCfg = Debug|Any CPU
		{A067D33E-B94F-471D-B197-90D545439763}.Debug|Any CPU.Build.0 = Debug|Any CPU
		{A067D33E-B94F-471D-B197-90D545439763}.Release|Any CPU.ActiveCfg = Release|Any CPU
		{A067D33E-B94F-471D-B197-90D545439763}.Release|Any CPU.Build.0 = Release|Any CPU
		{690CA456-E5FF-4EFC-9E49-4B6DD8F8A542}.Debug|Any CPU.ActiveCfg = Debug|Any CPU
		{690CA456-E5FF-4EFC-9E49-4B6DD8F8A542}.Debug|Any CPU.Build.0 = Debug|Any CPU
		{690CA456-E5FF-4EFC-9E49-4B6DD8F8A542}.Release|Any CPU.ActiveCfg = Release|Any CPU
		{690CA456-E5FF-4EFC-9E49-4B6DD8F8A542}.Release|Any CPU.Build.0 = Release|Any CPU
		{82F8431A-3DBE-4D99-9EEE-C6E5658361FD}.Debug|Any CPU.ActiveCfg = Debug|Any CPU
		{82F8431A-3DBE-4D99-9EEE-C6E5658361FD}.Debug|Any CPU.Build.0 = Debug|Any CPU
		{82F8431A-3DBE-4D99-9EEE-C6E5658361FD}.Release|Any CPU.ActiveCfg = Release|Any CPU
		{82F8431A-3DBE-4D99-9EEE-C6E5658361FD}.Release|Any CPU.Build.0 = Release|Any CPU
		{BBEC1390-9ADD-45AE-92CC-75CFAB9A0638}.Debug|Any CPU.ActiveCfg = Debug|Any CPU
		{BBEC1390-9ADD-45AE-92CC-75CFAB9A0638}.Debug|Any CPU.Build.0 = Debug|Any CPU
		{BBEC1390-9ADD-45AE-92CC-75CFAB9A0638}.Release|Any CPU.ActiveCfg = Release|Any CPU
		{BBEC1390-9ADD-45AE-92CC-75CFAB9A0638}.Release|Any CPU.Build.0 = Release|Any CPU
	EndGlobalSection
	GlobalSection(SolutionProperties) = preSolution
		HideSolutionNode = FALSE
	EndGlobalSection
	GlobalSection(NestedProjects) = preSolution
		{4A8A5AA9-2494-4F3D-B712-F34BB7B45497} = {9FE29ABD-40A8-454C-A9C8-9AE9C68924D3}
		{5EECFA4B-FBB4-48C9-85E5-F1360D7479DD} = {62BE7A3A-2660-4638-B2E9-24A013E5086A}
		{BD20FEE1-411C-40B3-9381-11352D7C1B30} = {790FA17E-9076-4CC9-A016-42DAB1121E63}
		{C0D13E4F-BE37-4A29-9DC3-15F4CA9BFA93} = {790FA17E-9076-4CC9-A016-42DAB1121E63}
		{993CCD38-69FF-446A-8D5E-7D6E6824A922} = {9FE29ABD-40A8-454C-A9C8-9AE9C68924D3}
		{5F5698ED-E165-4E6F-B230-6966EEE470C0} = {790FA17E-9076-4CC9-A016-42DAB1121E63}
		{690CA456-E5FF-4EFC-9E49-4B6DD8F8A542} = {790FA17E-9076-4CC9-A016-42DAB1121E63}
		{82F8431A-3DBE-4D99-9EEE-C6E5658361FD} = {790FA17E-9076-4CC9-A016-42DAB1121E63}
		{BBEC1390-9ADD-45AE-92CC-75CFAB9A0638} = {11503B75-1E94-42D2-984A-6BBCEFDCD1F2}
	EndGlobalSection
	GlobalSection(ExtensibilityGlobals) = postSolution
		SolutionGuid = {A75D96B1-9F54-4A02-9856-F23C7E3A7322}
	EndGlobalSection
EndGlobal
